// !$*UTF8*$!
{
	archiveVersion = 1;
	classes = {
	};
	objectVersion = 56;
	objects = {

/* Begin PBXBuildFile section */
		E2000B622B63F722000B5544 /* AdditionalViewModel.swift in Sources */ = {isa = PBXBuildFile; fileRef = E2000B612B63F722000B5544 /* AdditionalViewModel.swift */; };
		E2005A682BA98A150084FC24 /* RescissionResultViewController.swift in Sources */ = {isa = PBXBuildFile; fileRef = E2005A672BA98A150084FC24 /* RescissionResultViewController.swift */; };
		E2005A6A2BA98A300084FC24 /* RescissionResultView.swift in Sources */ = {isa = PBXBuildFile; fileRef = E2005A692BA98A300084FC24 /* RescissionResultView.swift */; };
		E2005A6C2BA98A400084FC24 /* RescissionResultViewModel.swift in Sources */ = {isa = PBXBuildFile; fileRef = E2005A6B2BA98A400084FC24 /* RescissionResultViewModel.swift */; };
		E20066962BA2171B00CAC884 /* ListReasonViewController.swift in Sources */ = {isa = PBXBuildFile; fileRef = E20066952BA2171B00CAC884 /* ListReasonViewController.swift */; };
		E20066982BA2172400CAC884 /* ListReasonView.swift in Sources */ = {isa = PBXBuildFile; fileRef = E20066972BA2172400CAC884 /* ListReasonView.swift */; };
		E200669A2BA2172F00CAC884 /* ListReasonViewModel.swift in Sources */ = {isa = PBXBuildFile; fileRef = E20066992BA2172F00CAC884 /* ListReasonViewModel.swift */; };
		E201C0FC2B2C722800DFCDEF /* UIViewController+Extension.swift in Sources */ = {isa = PBXBuildFile; fileRef = E201C0FB2B2C722800DFCDEF /* UIViewController+Extension.swift */; };
		E21074862B2BC2FB00A7D523 /* OtherAdditionalViewController.swift in Sources */ = {isa = PBXBuildFile; fileRef = E21074852B2BC2FB00A7D523 /* OtherAdditionalViewController.swift */; };
		E21074882B2BC30200A7D523 /* OtherAdditionalView.swift in Sources */ = {isa = PBXBuildFile; fileRef = E21074872B2BC30200A7D523 /* OtherAdditionalView.swift */; };
		E2195B282B6BDEBA00F029C0 /* VacationViewController.swift in Sources */ = {isa = PBXBuildFile; fileRef = E2195B272B6BDEBA00F029C0 /* VacationViewController.swift */; };
		E2195B2A2B6BDEC800F029C0 /* VacationView.swift in Sources */ = {isa = PBXBuildFile; fileRef = E2195B292B6BDEC800F029C0 /* VacationView.swift */; };
		E2195B2C2B6BDED000F029C0 /* VacationViewModel.swift in Sources */ = {isa = PBXBuildFile; fileRef = E2195B2B2B6BDED000F029C0 /* VacationViewModel.swift */; };
		E21A07BF2BA21E7000191FCD /* ListReasonTableViewCell.swift in Sources */ = {isa = PBXBuildFile; fileRef = E21A07BE2BA21E7000191FCD /* ListReasonTableViewCell.swift */; };
		E21CC28D2B5565C10089933E /* ResultViewController.swift in Sources */ = {isa = PBXBuildFile; fileRef = E21CC28C2B5565C10089933E /* ResultViewController.swift */; };
		E21CC28F2B5565CB0089933E /* ResultView.swift in Sources */ = {isa = PBXBuildFile; fileRef = E21CC28E2B5565CB0089933E /* ResultView.swift */; };
		E23773A62BA2593E00171780 /* NoticePeriodViewController.swift in Sources */ = {isa = PBXBuildFile; fileRef = E23773A52BA2593E00171780 /* NoticePeriodViewController.swift */; };
		E23773A82BA2594500171780 /* NoticePeriodView.swift in Sources */ = {isa = PBXBuildFile; fileRef = E23773A72BA2594500171780 /* NoticePeriodView.swift */; };
		E23773AA2BA2594C00171780 /* NoticePeriodViewModel.swift in Sources */ = {isa = PBXBuildFile; fileRef = E23773A92BA2594C00171780 /* NoticePeriodViewModel.swift */; };
		E23773AC2BA259BA00171780 /* NoticePeriodTableViewCell.swift in Sources */ = {isa = PBXBuildFile; fileRef = E23773AB2BA259BA00171780 /* NoticePeriodTableViewCell.swift */; };
		E23773AF2BA2647100171780 /* VacationAccumulatedViewController.swift in Sources */ = {isa = PBXBuildFile; fileRef = E23773AE2BA2647100171780 /* VacationAccumulatedViewController.swift */; };
		E23773B12BA2647700171780 /* VacationAccumulatedView.swift in Sources */ = {isa = PBXBuildFile; fileRef = E23773B02BA2647700171780 /* VacationAccumulatedView.swift */; };
		E23773B32BA2647F00171780 /* VacationAccumulatedViewModel.swift in Sources */ = {isa = PBXBuildFile; fileRef = E23773B22BA2647F00171780 /* VacationAccumulatedViewModel.swift */; };
		E24090242B61508F00EBA746 /* HomeViewModel.swift in Sources */ = {isa = PBXBuildFile; fileRef = E24090232B61508F00EBA746 /* HomeViewModel.swift */; };
		E249714F2B28E5BF000AD4F8 /* CustomDesign.swift in Sources */ = {isa = PBXBuildFile; fileRef = E249714E2B28E5BF000AD4F8 /* CustomDesign.swift */; };
		E24EFECB2B6528FE00B47572 /* ResultViewModel.swift in Sources */ = {isa = PBXBuildFile; fileRef = E24EFECA2B6528FE00B47572 /* ResultViewModel.swift */; };
		E254BF6E2BA0B74A0017F6C4 /* RescissionViewController.swift in Sources */ = {isa = PBXBuildFile; fileRef = E254BF6D2BA0B74A0017F6C4 /* RescissionViewController.swift */; };
		E254BF702BA0B7570017F6C4 /* RescissionView.swift in Sources */ = {isa = PBXBuildFile; fileRef = E254BF6F2BA0B7570017F6C4 /* RescissionView.swift */; };
		E254BF722BA0B7630017F6C4 /* RescissionViewModel.swift in Sources */ = {isa = PBXBuildFile; fileRef = E254BF712BA0B7630017F6C4 /* RescissionViewModel.swift */; };
		E26539DE2BB347A000D70C28 /* ThirteenthView.swift in Sources */ = {isa = PBXBuildFile; fileRef = E26539DD2BB347A000D70C28 /* ThirteenthView.swift */; };
		E26539E02BB347A900D70C28 /* ThirteenthViewController.swift in Sources */ = {isa = PBXBuildFile; fileRef = E26539DF2BB347A900D70C28 /* ThirteenthViewController.swift */; };
		E26539E22BB347AF00D70C28 /* ThirteenthViewModel.swift in Sources */ = {isa = PBXBuildFile; fileRef = E26539E12BB347AF00D70C28 /* ThirteenthViewModel.swift */; };
		E26539E42BB34D3300D70C28 /* ListTypePaymentViewCell.swift in Sources */ = {isa = PBXBuildFile; fileRef = E26539E32BB34D3300D70C28 /* ListTypePaymentViewCell.swift */; };
		E284F35A2B8F71C3002553B7 /* VacationResultView.swift in Sources */ = {isa = PBXBuildFile; fileRef = E284F3592B8F71C3002553B7 /* VacationResultView.swift */; };
		E284F35C2B8F71D3002553B7 /* VacationResultViewModel.swift in Sources */ = {isa = PBXBuildFile; fileRef = E284F35B2B8F71D3002553B7 /* VacationResultViewModel.swift */; };
		E284F35F2B8F71F9002553B7 /* VacationResultViewController.swift in Sources */ = {isa = PBXBuildFile; fileRef = E284F35E2B8F71F9002553B7 /* VacationResultViewController.swift */; };
		E290A6E52B288FFA00560137 /* SalaryViewController.swift in Sources */ = {isa = PBXBuildFile; fileRef = E290A6E42B288FFA00560137 /* SalaryViewController.swift */; };
		E290A6E72B28900200560137 /* SalaryView.swift in Sources */ = {isa = PBXBuildFile; fileRef = E290A6E62B28900200560137 /* SalaryView.swift */; };
		E290A6EA2B28A06A00560137 /* Montserrat-Light.ttf in Resources */ = {isa = PBXBuildFile; fileRef = E290A6E92B28A06A00560137 /* Montserrat-Light.ttf */; };
		E290A6EC2B28A09400560137 /* Montserrat-Medium.ttf in Resources */ = {isa = PBXBuildFile; fileRef = E290A6EB2B28A09400560137 /* Montserrat-Medium.ttf */; };
		E290A6EE2B28A0AA00560137 /* Montserrat-ExtraBold.ttf in Resources */ = {isa = PBXBuildFile; fileRef = E290A6ED2B28A0AA00560137 /* Montserrat-ExtraBold.ttf */; };
		E2945DB32B29E20100A1C582 /* AdditionalViewController.swift in Sources */ = {isa = PBXBuildFile; fileRef = E2945DB22B29E20100A1C582 /* AdditionalViewController.swift */; };
		E2945DB52B29E20900A1C582 /* AdditionalView.swift in Sources */ = {isa = PBXBuildFile; fileRef = E2945DB42B29E20900A1C582 /* AdditionalView.swift */; };
		E2A5ABB72BB4540300E8E193 /* ThirteenthResultView.swift in Sources */ = {isa = PBXBuildFile; fileRef = E2A5ABB62BB4540300E8E193 /* ThirteenthResultView.swift */; };
		E2A5ABB92BB4540B00E8E193 /* ThirteenthResultViewController.swift in Sources */ = {isa = PBXBuildFile; fileRef = E2A5ABB82BB4540B00E8E193 /* ThirteenthResultViewController.swift */; };
		E2A5ABBB2BB4541000E8E193 /* ThirteenthResultViewModel.swift in Sources */ = {isa = PBXBuildFile; fileRef = E2A5ABBA2BB4541000E8E193 /* ThirteenthResultViewModel.swift */; };
		E2AAE4EE2B279061008A5543 /* HomeCollectionViewCell.swift in Sources */ = {isa = PBXBuildFile; fileRef = E2AAE4ED2B279061008A5543 /* HomeCollectionViewCell.swift */; };
		E2AAE4F12B2792F2008A5543 /* Calculator.swift in Sources */ = {isa = PBXBuildFile; fileRef = E2AAE4F02B2792F2008A5543 /* Calculator.swift */; };
		E2AB18002B642CB100AAEBD8 /* OtherAdditionalViewModel.swift in Sources */ = {isa = PBXBuildFile; fileRef = E2AB17FF2B642CB100AAEBD8 /* OtherAdditionalViewModel.swift */; };
		E2B425932B691B6600306713 /* CalculadorasTrabalhistasTests.swift in Sources */ = {isa = PBXBuildFile; fileRef = E2B425922B691B6600306713 /* CalculadorasTrabalhistasTests.swift */; };
		E2B4259C2B691B8500306713 /* HomeViewModelTests.swift in Sources */ = {isa = PBXBuildFile; fileRef = E2B4259B2B691B8500306713 /* HomeViewModelTests.swift */; };
		E2B425A12B693C9600306713 /* SalaryViewModelTests.swift in Sources */ = {isa = PBXBuildFile; fileRef = E2B425A02B693C9600306713 /* SalaryViewModelTests.swift */; };
		E2B425A42B696BF200306713 /* AdditionalViewModelTests.swift in Sources */ = {isa = PBXBuildFile; fileRef = E2B425A32B696BF200306713 /* AdditionalViewModelTests.swift */; };
		E2B425AA2B69731100306713 /* ResultViewModelTests.swift in Sources */ = {isa = PBXBuildFile; fileRef = E2B425A92B69731100306713 /* ResultViewModelTests.swift */; };
		E2BE94512B274FB3003FE825 /* HomeView.swift in Sources */ = {isa = PBXBuildFile; fileRef = E2BE94502B274FB3003FE825 /* HomeView.swift */; };
		E2BE94562B2751F7003FE825 /* Localizable.strings in Resources */ = {isa = PBXBuildFile; fileRef = E2BE94552B2751F7003FE825 /* Localizable.strings */; };
		E2BE94582B275232003FE825 /* String+Extension.swift in Sources */ = {isa = PBXBuildFile; fileRef = E2BE94572B275232003FE825 /* String+Extension.swift */; };
		E2C9384E2B9180AF008A5E83 /* Double+Extension.swift in Sources */ = {isa = PBXBuildFile; fileRef = E2C9384D2B9180AF008A5E83 /* Double+Extension.swift */; };
		E2CB9F382B32303B003553F4 /* SalaryViewModel.swift in Sources */ = {isa = PBXBuildFile; fileRef = E2CB9F372B32303B003553F4 /* SalaryViewModel.swift */; };
		E2CC01442BA09A4600C34FF4 /* OtherAdditionalViewModelTests.swift in Sources */ = {isa = PBXBuildFile; fileRef = E2CC01432BA09A4600C34FF4 /* OtherAdditionalViewModelTests.swift */; };
		E2F81AFF2B23592600E181B7 /* AppDelegate.swift in Sources */ = {isa = PBXBuildFile; fileRef = E2F81AFE2B23592600E181B7 /* AppDelegate.swift */; };
		E2F81B032B23592600E181B7 /* HomeViewController.swift in Sources */ = {isa = PBXBuildFile; fileRef = E2F81B022B23592600E181B7 /* HomeViewController.swift */; };
		E2F81B082B23592700E181B7 /* Assets.xcassets in Resources */ = {isa = PBXBuildFile; fileRef = E2F81B072B23592700E181B7 /* Assets.xcassets */; };
		E2F81B0B2B23592700E181B7 /* LaunchScreen.storyboard in Resources */ = {isa = PBXBuildFile; fileRef = E2F81B092B23592700E181B7 /* LaunchScreen.storyboard */; };
		E2F81B152B235A7700E181B7 /* UIColor+Extension.swift in Sources */ = {isa = PBXBuildFile; fileRef = E2F81B142B235A7700E181B7 /* UIColor+Extension.swift */; };
/* End PBXBuildFile section */

/* Begin PBXContainerItemProxy section */
		E2B425942B691B6600306713 /* PBXContainerItemProxy */ = {
			isa = PBXContainerItemProxy;
			containerPortal = E2F81AF32B23592600E181B7 /* Project object */;
			proxyType = 1;
			remoteGlobalIDString = E2F81AFA2B23592600E181B7;
			remoteInfo = CalculadorasTrabalhistas;
		};
/* End PBXContainerItemProxy section */

/* Begin PBXFileReference section */
		E2000B612B63F722000B5544 /* AdditionalViewModel.swift */ = {isa = PBXFileReference; lastKnownFileType = sourcecode.swift; path = AdditionalViewModel.swift; sourceTree = "<group>"; };
		E2005A672BA98A150084FC24 /* RescissionResultViewController.swift */ = {isa = PBXFileReference; lastKnownFileType = sourcecode.swift; path = RescissionResultViewController.swift; sourceTree = "<group>"; };
		E2005A692BA98A300084FC24 /* RescissionResultView.swift */ = {isa = PBXFileReference; lastKnownFileType = sourcecode.swift; path = RescissionResultView.swift; sourceTree = "<group>"; };
		E2005A6B2BA98A400084FC24 /* RescissionResultViewModel.swift */ = {isa = PBXFileReference; lastKnownFileType = sourcecode.swift; path = RescissionResultViewModel.swift; sourceTree = "<group>"; };
		E20066952BA2171B00CAC884 /* ListReasonViewController.swift */ = {isa = PBXFileReference; lastKnownFileType = sourcecode.swift; path = ListReasonViewController.swift; sourceTree = "<group>"; };
		E20066972BA2172400CAC884 /* ListReasonView.swift */ = {isa = PBXFileReference; lastKnownFileType = sourcecode.swift; path = ListReasonView.swift; sourceTree = "<group>"; };
		E20066992BA2172F00CAC884 /* ListReasonViewModel.swift */ = {isa = PBXFileReference; lastKnownFileType = sourcecode.swift; path = ListReasonViewModel.swift; sourceTree = "<group>"; };
		E201C0FB2B2C722800DFCDEF /* UIViewController+Extension.swift */ = {isa = PBXFileReference; lastKnownFileType = sourcecode.swift; path = "UIViewController+Extension.swift"; sourceTree = "<group>"; };
		E21074852B2BC2FB00A7D523 /* OtherAdditionalViewController.swift */ = {isa = PBXFileReference; lastKnownFileType = sourcecode.swift; path = OtherAdditionalViewController.swift; sourceTree = "<group>"; };
		E21074872B2BC30200A7D523 /* OtherAdditionalView.swift */ = {isa = PBXFileReference; lastKnownFileType = sourcecode.swift; path = OtherAdditionalView.swift; sourceTree = "<group>"; };
		E2195B272B6BDEBA00F029C0 /* VacationViewController.swift */ = {isa = PBXFileReference; lastKnownFileType = sourcecode.swift; path = VacationViewController.swift; sourceTree = "<group>"; };
		E2195B292B6BDEC800F029C0 /* VacationView.swift */ = {isa = PBXFileReference; lastKnownFileType = sourcecode.swift; path = VacationView.swift; sourceTree = "<group>"; };
		E2195B2B2B6BDED000F029C0 /* VacationViewModel.swift */ = {isa = PBXFileReference; lastKnownFileType = sourcecode.swift; path = VacationViewModel.swift; sourceTree = "<group>"; };
		E21A07BE2BA21E7000191FCD /* ListReasonTableViewCell.swift */ = {isa = PBXFileReference; lastKnownFileType = sourcecode.swift; path = ListReasonTableViewCell.swift; sourceTree = "<group>"; };
		E21CC28C2B5565C10089933E /* ResultViewController.swift */ = {isa = PBXFileReference; lastKnownFileType = sourcecode.swift; path = ResultViewController.swift; sourceTree = "<group>"; };
		E21CC28E2B5565CB0089933E /* ResultView.swift */ = {isa = PBXFileReference; lastKnownFileType = sourcecode.swift; path = ResultView.swift; sourceTree = "<group>"; };
		E23773A52BA2593E00171780 /* NoticePeriodViewController.swift */ = {isa = PBXFileReference; lastKnownFileType = sourcecode.swift; path = NoticePeriodViewController.swift; sourceTree = "<group>"; };
		E23773A72BA2594500171780 /* NoticePeriodView.swift */ = {isa = PBXFileReference; lastKnownFileType = sourcecode.swift; path = NoticePeriodView.swift; sourceTree = "<group>"; };
		E23773A92BA2594C00171780 /* NoticePeriodViewModel.swift */ = {isa = PBXFileReference; lastKnownFileType = sourcecode.swift; path = NoticePeriodViewModel.swift; sourceTree = "<group>"; };
		E23773AB2BA259BA00171780 /* NoticePeriodTableViewCell.swift */ = {isa = PBXFileReference; lastKnownFileType = sourcecode.swift; path = NoticePeriodTableViewCell.swift; sourceTree = "<group>"; };
		E23773AE2BA2647100171780 /* VacationAccumulatedViewController.swift */ = {isa = PBXFileReference; lastKnownFileType = sourcecode.swift; path = VacationAccumulatedViewController.swift; sourceTree = "<group>"; };
		E23773B02BA2647700171780 /* VacationAccumulatedView.swift */ = {isa = PBXFileReference; lastKnownFileType = sourcecode.swift; path = VacationAccumulatedView.swift; sourceTree = "<group>"; };
		E23773B22BA2647F00171780 /* VacationAccumulatedViewModel.swift */ = {isa = PBXFileReference; lastKnownFileType = sourcecode.swift; path = VacationAccumulatedViewModel.swift; sourceTree = "<group>"; };
		E24090232B61508F00EBA746 /* HomeViewModel.swift */ = {isa = PBXFileReference; lastKnownFileType = sourcecode.swift; path = HomeViewModel.swift; sourceTree = "<group>"; };
		E249714E2B28E5BF000AD4F8 /* CustomDesign.swift */ = {isa = PBXFileReference; lastKnownFileType = sourcecode.swift; path = CustomDesign.swift; sourceTree = "<group>"; };
		E24EFECA2B6528FE00B47572 /* ResultViewModel.swift */ = {isa = PBXFileReference; lastKnownFileType = sourcecode.swift; path = ResultViewModel.swift; sourceTree = "<group>"; };
		E254BF6D2BA0B74A0017F6C4 /* RescissionViewController.swift */ = {isa = PBXFileReference; lastKnownFileType = sourcecode.swift; path = RescissionViewController.swift; sourceTree = "<group>"; };
		E254BF6F2BA0B7570017F6C4 /* RescissionView.swift */ = {isa = PBXFileReference; lastKnownFileType = sourcecode.swift; path = RescissionView.swift; sourceTree = "<group>"; };
		E254BF712BA0B7630017F6C4 /* RescissionViewModel.swift */ = {isa = PBXFileReference; lastKnownFileType = sourcecode.swift; path = RescissionViewModel.swift; sourceTree = "<group>"; };
		E26539DD2BB347A000D70C28 /* ThirteenthView.swift */ = {isa = PBXFileReference; lastKnownFileType = sourcecode.swift; path = ThirteenthView.swift; sourceTree = "<group>"; };
		E26539DF2BB347A900D70C28 /* ThirteenthViewController.swift */ = {isa = PBXFileReference; lastKnownFileType = sourcecode.swift; path = ThirteenthViewController.swift; sourceTree = "<group>"; };
		E26539E12BB347AF00D70C28 /* ThirteenthViewModel.swift */ = {isa = PBXFileReference; lastKnownFileType = sourcecode.swift; path = ThirteenthViewModel.swift; sourceTree = "<group>"; };
		E26539E32BB34D3300D70C28 /* ListTypePaymentViewCell.swift */ = {isa = PBXFileReference; lastKnownFileType = sourcecode.swift; path = ListTypePaymentViewCell.swift; sourceTree = "<group>"; };
		E284F3592B8F71C3002553B7 /* VacationResultView.swift */ = {isa = PBXFileReference; lastKnownFileType = sourcecode.swift; path = VacationResultView.swift; sourceTree = "<group>"; };
		E284F35B2B8F71D3002553B7 /* VacationResultViewModel.swift */ = {isa = PBXFileReference; lastKnownFileType = sourcecode.swift; path = VacationResultViewModel.swift; sourceTree = "<group>"; };
		E284F35E2B8F71F9002553B7 /* VacationResultViewController.swift */ = {isa = PBXFileReference; lastKnownFileType = sourcecode.swift; path = VacationResultViewController.swift; sourceTree = "<group>"; };
		E290A6E42B288FFA00560137 /* SalaryViewController.swift */ = {isa = PBXFileReference; lastKnownFileType = sourcecode.swift; path = SalaryViewController.swift; sourceTree = "<group>"; };
		E290A6E62B28900200560137 /* SalaryView.swift */ = {isa = PBXFileReference; lastKnownFileType = sourcecode.swift; path = SalaryView.swift; sourceTree = "<group>"; };
		E290A6E92B28A06A00560137 /* Montserrat-Light.ttf */ = {isa = PBXFileReference; lastKnownFileType = file; path = "Montserrat-Light.ttf"; sourceTree = "<group>"; };
		E290A6EB2B28A09400560137 /* Montserrat-Medium.ttf */ = {isa = PBXFileReference; lastKnownFileType = file; path = "Montserrat-Medium.ttf"; sourceTree = "<group>"; };
		E290A6ED2B28A0AA00560137 /* Montserrat-ExtraBold.ttf */ = {isa = PBXFileReference; lastKnownFileType = file; path = "Montserrat-ExtraBold.ttf"; sourceTree = "<group>"; };
		E2945DB22B29E20100A1C582 /* AdditionalViewController.swift */ = {isa = PBXFileReference; lastKnownFileType = sourcecode.swift; path = AdditionalViewController.swift; sourceTree = "<group>"; };
		E2945DB42B29E20900A1C582 /* AdditionalView.swift */ = {isa = PBXFileReference; lastKnownFileType = sourcecode.swift; path = AdditionalView.swift; sourceTree = "<group>"; };
		E2A5ABB62BB4540300E8E193 /* ThirteenthResultView.swift */ = {isa = PBXFileReference; lastKnownFileType = sourcecode.swift; path = ThirteenthResultView.swift; sourceTree = "<group>"; };
		E2A5ABB82BB4540B00E8E193 /* ThirteenthResultViewController.swift */ = {isa = PBXFileReference; lastKnownFileType = sourcecode.swift; path = ThirteenthResultViewController.swift; sourceTree = "<group>"; };
		E2A5ABBA2BB4541000E8E193 /* ThirteenthResultViewModel.swift */ = {isa = PBXFileReference; lastKnownFileType = sourcecode.swift; path = ThirteenthResultViewModel.swift; sourceTree = "<group>"; };
		E2AAE4ED2B279061008A5543 /* HomeCollectionViewCell.swift */ = {isa = PBXFileReference; lastKnownFileType = sourcecode.swift; path = HomeCollectionViewCell.swift; sourceTree = "<group>"; };
		E2AAE4F02B2792F2008A5543 /* Calculator.swift */ = {isa = PBXFileReference; lastKnownFileType = sourcecode.swift; path = Calculator.swift; sourceTree = "<group>"; };
		E2AB17FF2B642CB100AAEBD8 /* OtherAdditionalViewModel.swift */ = {isa = PBXFileReference; lastKnownFileType = sourcecode.swift; path = OtherAdditionalViewModel.swift; sourceTree = "<group>"; };
		E2B425902B691B6600306713 /* CalculadorasTrabalhistasTests.xctest */ = {isa = PBXFileReference; explicitFileType = wrapper.cfbundle; includeInIndex = 0; path = CalculadorasTrabalhistasTests.xctest; sourceTree = BUILT_PRODUCTS_DIR; };
		E2B425922B691B6600306713 /* CalculadorasTrabalhistasTests.swift */ = {isa = PBXFileReference; lastKnownFileType = sourcecode.swift; path = CalculadorasTrabalhistasTests.swift; sourceTree = "<group>"; };
		E2B4259B2B691B8500306713 /* HomeViewModelTests.swift */ = {isa = PBXFileReference; lastKnownFileType = sourcecode.swift; name = HomeViewModelTests.swift; path = ../../../../../../Documents/HomeViewModelTests.swift; sourceTree = "<group>"; };
		E2B425A02B693C9600306713 /* SalaryViewModelTests.swift */ = {isa = PBXFileReference; lastKnownFileType = sourcecode.swift; path = SalaryViewModelTests.swift; sourceTree = "<group>"; };
		E2B425A32B696BF200306713 /* AdditionalViewModelTests.swift */ = {isa = PBXFileReference; lastKnownFileType = sourcecode.swift; path = AdditionalViewModelTests.swift; sourceTree = "<group>"; };
		E2B425A92B69731100306713 /* ResultViewModelTests.swift */ = {isa = PBXFileReference; lastKnownFileType = sourcecode.swift; path = ResultViewModelTests.swift; sourceTree = "<group>"; };
		E2BE94502B274FB3003FE825 /* HomeView.swift */ = {isa = PBXFileReference; lastKnownFileType = sourcecode.swift; path = HomeView.swift; sourceTree = "<group>"; };
		E2BE94552B2751F7003FE825 /* Localizable.strings */ = {isa = PBXFileReference; lastKnownFileType = text.plist.strings; path = Localizable.strings; sourceTree = "<group>"; };
		E2BE94572B275232003FE825 /* String+Extension.swift */ = {isa = PBXFileReference; lastKnownFileType = sourcecode.swift; path = "String+Extension.swift"; sourceTree = "<group>"; };
		E2C9384D2B9180AF008A5E83 /* Double+Extension.swift */ = {isa = PBXFileReference; lastKnownFileType = sourcecode.swift; path = "Double+Extension.swift"; sourceTree = "<group>"; };
		E2CB9F372B32303B003553F4 /* SalaryViewModel.swift */ = {isa = PBXFileReference; lastKnownFileType = sourcecode.swift; path = SalaryViewModel.swift; sourceTree = "<group>"; };
		E2CC01432BA09A4600C34FF4 /* OtherAdditionalViewModelTests.swift */ = {isa = PBXFileReference; lastKnownFileType = sourcecode.swift; path = OtherAdditionalViewModelTests.swift; sourceTree = "<group>"; };
		E2F81AFB2B23592600E181B7 /* CalculadorasTrabalhistas.app */ = {isa = PBXFileReference; explicitFileType = wrapper.application; includeInIndex = 0; path = CalculadorasTrabalhistas.app; sourceTree = BUILT_PRODUCTS_DIR; };
		E2F81AFE2B23592600E181B7 /* AppDelegate.swift */ = {isa = PBXFileReference; lastKnownFileType = sourcecode.swift; path = AppDelegate.swift; sourceTree = "<group>"; };
		E2F81B022B23592600E181B7 /* HomeViewController.swift */ = {isa = PBXFileReference; lastKnownFileType = sourcecode.swift; path = HomeViewController.swift; sourceTree = "<group>"; };
		E2F81B072B23592700E181B7 /* Assets.xcassets */ = {isa = PBXFileReference; lastKnownFileType = folder.assetcatalog; path = Assets.xcassets; sourceTree = "<group>"; };
		E2F81B0A2B23592700E181B7 /* Base */ = {isa = PBXFileReference; lastKnownFileType = file.storyboard; name = Base; path = Base.lproj/LaunchScreen.storyboard; sourceTree = "<group>"; };
		E2F81B0C2B23592700E181B7 /* Info.plist */ = {isa = PBXFileReference; lastKnownFileType = text.plist.xml; path = Info.plist; sourceTree = "<group>"; };
		E2F81B142B235A7700E181B7 /* UIColor+Extension.swift */ = {isa = PBXFileReference; lastKnownFileType = sourcecode.swift; path = "UIColor+Extension.swift"; sourceTree = "<group>"; };
/* End PBXFileReference section */

/* Begin PBXFrameworksBuildPhase section */
		E2B4258D2B691B6600306713 /* Frameworks */ = {
			isa = PBXFrameworksBuildPhase;
			buildActionMask = 2147483647;
			files = (
			);
			runOnlyForDeploymentPostprocessing = 0;
		};
		E2F81AF82B23592600E181B7 /* Frameworks */ = {
			isa = PBXFrameworksBuildPhase;
			buildActionMask = 2147483647;
			files = (
			);
			runOnlyForDeploymentPostprocessing = 0;
		};
/* End PBXFrameworksBuildPhase section */

/* Begin PBXGroup section */
		E2005A662BA989F20084FC24 /* Rescission */ = {
			isa = PBXGroup;
			children = (
				E2005A672BA98A150084FC24 /* RescissionResultViewController.swift */,
				E2005A692BA98A300084FC24 /* RescissionResultView.swift */,
				E2005A6B2BA98A400084FC24 /* RescissionResultViewModel.swift */,
			);
			path = Rescission;
			sourceTree = "<group>";
		};
		E20066942BA216B800CAC884 /* ListReason */ = {
			isa = PBXGroup;
			children = (
				E20066952BA2171B00CAC884 /* ListReasonViewController.swift */,
				E20066972BA2172400CAC884 /* ListReasonView.swift */,
				E21A07BE2BA21E7000191FCD /* ListReasonTableViewCell.swift */,
				E20066992BA2172F00CAC884 /* ListReasonViewModel.swift */,
			);
			path = ListReason;
			sourceTree = "<group>";
		};
		E21074842B2BC2C400A7D523 /* OtherAdditional */ = {
			isa = PBXGroup;
			children = (
				E21074852B2BC2FB00A7D523 /* OtherAdditionalViewController.swift */,
				E2AB17FF2B642CB100AAEBD8 /* OtherAdditionalViewModel.swift */,
				E21074872B2BC30200A7D523 /* OtherAdditionalView.swift */,
			);
			path = OtherAdditional;
			sourceTree = "<group>";
		};
		E2195B262B6BDEA000F029C0 /* Vacation */ = {
			isa = PBXGroup;
			children = (
				E2195B272B6BDEBA00F029C0 /* VacationViewController.swift */,
				E2195B292B6BDEC800F029C0 /* VacationView.swift */,
				E2195B2B2B6BDED000F029C0 /* VacationViewModel.swift */,
			);
			path = Vacation;
			sourceTree = "<group>";
		};
		E21CC28B2B5565B00089933E /* Results */ = {
			isa = PBXGroup;
			children = (
				E2A5ABB52BB453DC00E8E193 /* Thirteenth */,
				E29208A72B8F71020037D105 /* NetSalary */,
				E284F3562B8F71A0002553B7 /* Vacation */,
				E2005A662BA989F20084FC24 /* Rescission */,
			);
			path = Results;
			sourceTree = "<group>";
		};
		E23773A42BA2586100171780 /* NoticePeriod */ = {
			isa = PBXGroup;
			children = (
				E23773A52BA2593E00171780 /* NoticePeriodViewController.swift */,
				E23773A72BA2594500171780 /* NoticePeriodView.swift */,
				E23773A92BA2594C00171780 /* NoticePeriodViewModel.swift */,
				E23773AB2BA259BA00171780 /* NoticePeriodTableViewCell.swift */,
			);
			path = NoticePeriod;
			sourceTree = "<group>";
		};
		E23773AD2BA2641A00171780 /* VacationAccumulated */ = {
			isa = PBXGroup;
			children = (
				E23773AE2BA2647100171780 /* VacationAccumulatedViewController.swift */,
				E23773B02BA2647700171780 /* VacationAccumulatedView.swift */,
				E23773B22BA2647F00171780 /* VacationAccumulatedViewModel.swift */,
			);
			path = VacationAccumulated;
			sourceTree = "<group>";
		};
		E254BF6C2BA0B72F0017F6C4 /* Rescission */ = {
			isa = PBXGroup;
			children = (
				E254BF6D2BA0B74A0017F6C4 /* RescissionViewController.swift */,
				E254BF6F2BA0B7570017F6C4 /* RescissionView.swift */,
				E254BF712BA0B7630017F6C4 /* RescissionViewModel.swift */,
			);
			path = Rescission;
			sourceTree = "<group>";
		};
		E26539DC2BB3477100D70C28 /* Thirteenth */ = {
			isa = PBXGroup;
			children = (
				E26539DD2BB347A000D70C28 /* ThirteenthView.swift */,
				E26539E32BB34D3300D70C28 /* ListTypePaymentViewCell.swift */,
				E26539DF2BB347A900D70C28 /* ThirteenthViewController.swift */,
				E26539E12BB347AF00D70C28 /* ThirteenthViewModel.swift */,
			);
			path = Thirteenth;
			sourceTree = "<group>";
		};
		E284F3562B8F71A0002553B7 /* Vacation */ = {
			isa = PBXGroup;
			children = (
				E284F35E2B8F71F9002553B7 /* VacationResultViewController.swift */,
				E284F3592B8F71C3002553B7 /* VacationResultView.swift */,
				E284F35B2B8F71D3002553B7 /* VacationResultViewModel.swift */,
			);
			path = Vacation;
			sourceTree = "<group>";
		};
		E290A6E32B288FE100560137 /* Salary */ = {
			isa = PBXGroup;
			children = (
				E290A6E42B288FFA00560137 /* SalaryViewController.swift */,
				E2CB9F372B32303B003553F4 /* SalaryViewModel.swift */,
				E290A6E62B28900200560137 /* SalaryView.swift */,
			);
			path = Salary;
			sourceTree = "<group>";
		};
		E290A6E82B28A04100560137 /* Fonts */ = {
			isa = PBXGroup;
			children = (
				E290A6ED2B28A0AA00560137 /* Montserrat-ExtraBold.ttf */,
				E290A6EB2B28A09400560137 /* Montserrat-Medium.ttf */,
				E290A6E92B28A06A00560137 /* Montserrat-Light.ttf */,
			);
			path = Fonts;
			sourceTree = "<group>";
		};
		E29208A72B8F71020037D105 /* NetSalary */ = {
			isa = PBXGroup;
			children = (
				E21CC28C2B5565C10089933E /* ResultViewController.swift */,
				E24EFECA2B6528FE00B47572 /* ResultViewModel.swift */,
				E21CC28E2B5565CB0089933E /* ResultView.swift */,
			);
			path = NetSalary;
			sourceTree = "<group>";
		};
		E2945DB12B29E1D400A1C582 /* Additional */ = {
			isa = PBXGroup;
			children = (
				E2945DB22B29E20100A1C582 /* AdditionalViewController.swift */,
				E2000B612B63F722000B5544 /* AdditionalViewModel.swift */,
				E2945DB42B29E20900A1C582 /* AdditionalView.swift */,
			);
			path = Additional;
			sourceTree = "<group>";
		};
		E2A5ABB52BB453DC00E8E193 /* Thirteenth */ = {
			isa = PBXGroup;
			children = (
				E2A5ABB62BB4540300E8E193 /* ThirteenthResultView.swift */,
				E2A5ABB82BB4540B00E8E193 /* ThirteenthResultViewController.swift */,
				E2A5ABBA2BB4541000E8E193 /* ThirteenthResultViewModel.swift */,
			);
			path = Thirteenth;
			sourceTree = "<group>";
		};
		E2AAE4EF2B2792E5008A5543 /* Model */ = {
			isa = PBXGroup;
			children = (
				E2AAE4F02B2792F2008A5543 /* Calculator.swift */,
			);
			path = Model;
			sourceTree = "<group>";
		};
		E2B425912B691B6600306713 /* CalculadorasTrabalhistasTests */ = {
			isa = PBXGroup;
			children = (
				E2B425992B691B7200306713 /* Scene */,
				E2B425922B691B6600306713 /* CalculadorasTrabalhistasTests.swift */,
			);
			path = CalculadorasTrabalhistasTests;
			sourceTree = "<group>";
		};
		E2B425992B691B7200306713 /* Scene */ = {
			isa = PBXGroup;
			children = (
				E2B4259A2B691B7700306713 /* Home */,
				E2B4259D2B693ACF00306713 /* Salary */,
				E2B425A22B696BDE00306713 /* Additional */,
				E2B425A52B6971B800306713 /* OtherAdditional */,
				E2B425A82B6972FD00306713 /* Result */,
			);
			path = Scene;
			sourceTree = "<group>";
		};
		E2B4259A2B691B7700306713 /* Home */ = {
			isa = PBXGroup;
			children = (
				E2B4259B2B691B8500306713 /* HomeViewModelTests.swift */,
			);
			path = Home;
			sourceTree = "<group>";
		};
		E2B4259D2B693ACF00306713 /* Salary */ = {
			isa = PBXGroup;
			children = (
				E2B425A02B693C9600306713 /* SalaryViewModelTests.swift */,
			);
			path = Salary;
			sourceTree = "<group>";
		};
		E2B425A22B696BDE00306713 /* Additional */ = {
			isa = PBXGroup;
			children = (
				E2B425A32B696BF200306713 /* AdditionalViewModelTests.swift */,
			);
			path = Additional;
			sourceTree = "<group>";
		};
		E2B425A52B6971B800306713 /* OtherAdditional */ = {
			isa = PBXGroup;
			children = (
				E2CC01432BA09A4600C34FF4 /* OtherAdditionalViewModelTests.swift */,
			);
			path = OtherAdditional;
			sourceTree = "<group>";
		};
		E2B425A82B6972FD00306713 /* Result */ = {
			isa = PBXGroup;
			children = (
				E2B425A92B69731100306713 /* ResultViewModelTests.swift */,
			);
			path = Result;
			sourceTree = "<group>";
		};
		E2BE944F2B274FA0003FE825 /* Home */ = {
			isa = PBXGroup;
			children = (
				E2F81B022B23592600E181B7 /* HomeViewController.swift */,
				E24090232B61508F00EBA746 /* HomeViewModel.swift */,
				E2BE94502B274FB3003FE825 /* HomeView.swift */,
				E2AAE4ED2B279061008A5543 /* HomeCollectionViewCell.swift */,
			);
			path = Home;
			sourceTree = "<group>";
		};
		E2BE94522B2751CA003FE825 /* LocalizableStrings */ = {
			isa = PBXGroup;
			children = (
				E2BE94552B2751F7003FE825 /* Localizable.strings */,
			);
			path = LocalizableStrings;
			sourceTree = "<group>";
		};
		E2F81AF22B23592600E181B7 = {
			isa = PBXGroup;
			children = (
				E2F81AFD2B23592600E181B7 /* CalculadorasTrabalhistas */,
				E2B425912B691B6600306713 /* CalculadorasTrabalhistasTests */,
				E2F81AFC2B23592600E181B7 /* Products */,
			);
			sourceTree = "<group>";
		};
		E2F81AFC2B23592600E181B7 /* Products */ = {
			isa = PBXGroup;
			children = (
				E2F81AFB2B23592600E181B7 /* CalculadorasTrabalhistas.app */,
				E2B425902B691B6600306713 /* CalculadorasTrabalhistasTests.xctest */,
			);
			name = Products;
			sourceTree = "<group>";
		};
		E2F81AFD2B23592600E181B7 /* CalculadorasTrabalhistas */ = {
			isa = PBXGroup;
			children = (
				E2AAE4EF2B2792E5008A5543 /* Model */,
				E2F81B122B235A5100E181B7 /* Application */,
				E2F81B132B235A6100E181B7 /* Extension */,
				E2F81B162B235A9300E181B7 /* Scene */,
				E2F81B172B235AA400E181B7 /* Resource */,
				E2F81B0C2B23592700E181B7 /* Info.plist */,
			);
			path = CalculadorasTrabalhistas;
			sourceTree = "<group>";
		};
		E2F81B122B235A5100E181B7 /* Application */ = {
			isa = PBXGroup;
			children = (
				E2F81AFE2B23592600E181B7 /* AppDelegate.swift */,
			);
			path = Application;
			sourceTree = "<group>";
		};
		E2F81B132B235A6100E181B7 /* Extension */ = {
			isa = PBXGroup;
			children = (
				E2F81B142B235A7700E181B7 /* UIColor+Extension.swift */,
				E2BE94572B275232003FE825 /* String+Extension.swift */,
				E249714E2B28E5BF000AD4F8 /* CustomDesign.swift */,
				E201C0FB2B2C722800DFCDEF /* UIViewController+Extension.swift */,
				E2C9384D2B9180AF008A5E83 /* Double+Extension.swift */,
			);
			path = Extension;
			sourceTree = "<group>";
		};
		E2F81B162B235A9300E181B7 /* Scene */ = {
			isa = PBXGroup;
			children = (
				E2BE944F2B274FA0003FE825 /* Home */,
				E290A6E32B288FE100560137 /* Salary */,
				E2945DB12B29E1D400A1C582 /* Additional */,
				E21074842B2BC2C400A7D523 /* OtherAdditional */,
				E2195B262B6BDEA000F029C0 /* Vacation */,
				E254BF6C2BA0B72F0017F6C4 /* Rescission */,
				E20066942BA216B800CAC884 /* ListReason */,
				E23773A42BA2586100171780 /* NoticePeriod */,
				E23773AD2BA2641A00171780 /* VacationAccumulated */,
				E26539DC2BB3477100D70C28 /* Thirteenth */,
				E21CC28B2B5565B00089933E /* Results */,
			);
			path = Scene;
			sourceTree = "<group>";
		};
		E2F81B172B235AA400E181B7 /* Resource */ = {
			isa = PBXGroup;
			children = (
				E290A6E82B28A04100560137 /* Fonts */,
				E2BE94522B2751CA003FE825 /* LocalizableStrings */,
				E2F81B072B23592700E181B7 /* Assets.xcassets */,
				E2F81B092B23592700E181B7 /* LaunchScreen.storyboard */,
			);
			path = Resource;
			sourceTree = "<group>";
		};
/* End PBXGroup section */

/* Begin PBXNativeTarget section */
		E2B4258F2B691B6600306713 /* CalculadorasTrabalhistasTests */ = {
			isa = PBXNativeTarget;
			buildConfigurationList = E2B425962B691B6600306713 /* Build configuration list for PBXNativeTarget "CalculadorasTrabalhistasTests" */;
			buildPhases = (
				E2B4258C2B691B6600306713 /* Sources */,
				E2B4258D2B691B6600306713 /* Frameworks */,
				E2B4258E2B691B6600306713 /* Resources */,
			);
			buildRules = (
			);
			dependencies = (
				E2B425952B691B6600306713 /* PBXTargetDependency */,
			);
			name = CalculadorasTrabalhistasTests;
			productName = CalculadorasTrabalhistasTests;
			productReference = E2B425902B691B6600306713 /* CalculadorasTrabalhistasTests.xctest */;
			productType = "com.apple.product-type.bundle.unit-test";
		};
		E2F81AFA2B23592600E181B7 /* CalculadorasTrabalhistas */ = {
			isa = PBXNativeTarget;
			buildConfigurationList = E2F81B0F2B23592700E181B7 /* Build configuration list for PBXNativeTarget "CalculadorasTrabalhistas" */;
			buildPhases = (
				E2F81AF72B23592600E181B7 /* Sources */,
				E2F81AF82B23592600E181B7 /* Frameworks */,
				E2F81AF92B23592600E181B7 /* Resources */,
			);
			buildRules = (
			);
			dependencies = (
			);
			name = CalculadorasTrabalhistas;
			productName = CalculadorasTrabalhistas;
			productReference = E2F81AFB2B23592600E181B7 /* CalculadorasTrabalhistas.app */;
			productType = "com.apple.product-type.application";
		};
/* End PBXNativeTarget section */

/* Begin PBXProject section */
		E2F81AF32B23592600E181B7 /* Project object */ = {
			isa = PBXProject;
			attributes = {
				BuildIndependentTargetsInParallel = 1;
				LastSwiftUpdateCheck = 1500;
				LastUpgradeCheck = 1500;
				TargetAttributes = {
					E2B4258F2B691B6600306713 = {
						CreatedOnToolsVersion = 15.0.1;
						TestTargetID = E2F81AFA2B23592600E181B7;
					};
					E2F81AFA2B23592600E181B7 = {
						CreatedOnToolsVersion = 15.0.1;
					};
				};
			};
			buildConfigurationList = E2F81AF62B23592600E181B7 /* Build configuration list for PBXProject "CalculadorasTrabalhistas" */;
			compatibilityVersion = "Xcode 14.0";
			developmentRegion = en;
			hasScannedForEncodings = 0;
			knownRegions = (
				en,
				Base,
			);
			mainGroup = E2F81AF22B23592600E181B7;
			productRefGroup = E2F81AFC2B23592600E181B7 /* Products */;
			projectDirPath = "";
			projectRoot = "";
			targets = (
				E2F81AFA2B23592600E181B7 /* CalculadorasTrabalhistas */,
				E2B4258F2B691B6600306713 /* CalculadorasTrabalhistasTests */,
			);
		};
/* End PBXProject section */

/* Begin PBXResourcesBuildPhase section */
		E2B4258E2B691B6600306713 /* Resources */ = {
			isa = PBXResourcesBuildPhase;
			buildActionMask = 2147483647;
			files = (
			);
			runOnlyForDeploymentPostprocessing = 0;
		};
		E2F81AF92B23592600E181B7 /* Resources */ = {
			isa = PBXResourcesBuildPhase;
			buildActionMask = 2147483647;
			files = (
				E290A6EA2B28A06A00560137 /* Montserrat-Light.ttf in Resources */,
				E290A6EE2B28A0AA00560137 /* Montserrat-ExtraBold.ttf in Resources */,
				E290A6EC2B28A09400560137 /* Montserrat-Medium.ttf in Resources */,
				E2F81B0B2B23592700E181B7 /* LaunchScreen.storyboard in Resources */,
				E2BE94562B2751F7003FE825 /* Localizable.strings in Resources */,
				E2F81B082B23592700E181B7 /* Assets.xcassets in Resources */,
			);
			runOnlyForDeploymentPostprocessing = 0;
		};
/* End PBXResourcesBuildPhase section */

/* Begin PBXSourcesBuildPhase section */
		E2B4258C2B691B6600306713 /* Sources */ = {
			isa = PBXSourcesBuildPhase;
			buildActionMask = 2147483647;
			files = (
				E2B425932B691B6600306713 /* CalculadorasTrabalhistasTests.swift in Sources */,
				E2B425AA2B69731100306713 /* ResultViewModelTests.swift in Sources */,
				E2B425A42B696BF200306713 /* AdditionalViewModelTests.swift in Sources */,
				E2CC01442BA09A4600C34FF4 /* OtherAdditionalViewModelTests.swift in Sources */,
				E2B4259C2B691B8500306713 /* HomeViewModelTests.swift in Sources */,
				E2B425A12B693C9600306713 /* SalaryViewModelTests.swift in Sources */,
			);
			runOnlyForDeploymentPostprocessing = 0;
		};
		E2F81AF72B23592600E181B7 /* Sources */ = {
			isa = PBXSourcesBuildPhase;
			buildActionMask = 2147483647;
			files = (
				E2A5ABB92BB4540B00E8E193 /* ThirteenthResultViewController.swift in Sources */,
				E24090242B61508F00EBA746 /* HomeViewModel.swift in Sources */,
				E23773B32BA2647F00171780 /* VacationAccumulatedViewModel.swift in Sources */,
				E290A6E72B28900200560137 /* SalaryView.swift in Sources */,
				E2005A6A2BA98A300084FC24 /* RescissionResultView.swift in Sources */,
				E20066962BA2171B00CAC884 /* ListReasonViewController.swift in Sources */,
				E254BF722BA0B7630017F6C4 /* RescissionViewModel.swift in Sources */,
				E2945DB32B29E20100A1C582 /* AdditionalViewController.swift in Sources */,
				E26539E02BB347A900D70C28 /* ThirteenthViewController.swift in Sources */,
				E24EFECB2B6528FE00B47572 /* ResultViewModel.swift in Sources */,
				E284F35F2B8F71F9002553B7 /* VacationResultViewController.swift in Sources */,
				E23773A82BA2594500171780 /* NoticePeriodView.swift in Sources */,
				E21A07BF2BA21E7000191FCD /* ListReasonTableViewCell.swift in Sources */,
				E21074862B2BC2FB00A7D523 /* OtherAdditionalViewController.swift in Sources */,
				E2A5ABB72BB4540300E8E193 /* ThirteenthResultView.swift in Sources */,
				E254BF6E2BA0B74A0017F6C4 /* RescissionViewController.swift in Sources */,
				E26539E42BB34D3300D70C28 /* ListTypePaymentViewCell.swift in Sources */,
				E201C0FC2B2C722800DFCDEF /* UIViewController+Extension.swift in Sources */,
				E2000B622B63F722000B5544 /* AdditionalViewModel.swift in Sources */,
				E290A6E52B288FFA00560137 /* SalaryViewController.swift in Sources */,
				E26539E22BB347AF00D70C28 /* ThirteenthViewModel.swift in Sources */,
				E2005A682BA98A150084FC24 /* RescissionResultViewController.swift in Sources */,
				E200669A2BA2172F00CAC884 /* ListReasonViewModel.swift in Sources */,
				E2F81B152B235A7700E181B7 /* UIColor+Extension.swift in Sources */,
				E2BE94512B274FB3003FE825 /* HomeView.swift in Sources */,
				E2195B282B6BDEBA00F029C0 /* VacationViewController.swift in Sources */,
				E21074882B2BC30200A7D523 /* OtherAdditionalView.swift in Sources */,
				E20066982BA2172400CAC884 /* ListReasonView.swift in Sources */,
				E21CC28D2B5565C10089933E /* ResultViewController.swift in Sources */,
				E2195B2C2B6BDED000F029C0 /* VacationViewModel.swift in Sources */,
				E2AB18002B642CB100AAEBD8 /* OtherAdditionalViewModel.swift in Sources */,
				E2CB9F382B32303B003553F4 /* SalaryViewModel.swift in Sources */,
				E23773A62BA2593E00171780 /* NoticePeriodViewController.swift in Sources */,
				E284F35C2B8F71D3002553B7 /* VacationResultViewModel.swift in Sources */,
				E2AAE4F12B2792F2008A5543 /* Calculator.swift in Sources */,
				E21CC28F2B5565CB0089933E /* ResultView.swift in Sources */,
				E284F35A2B8F71C3002553B7 /* VacationResultView.swift in Sources */,
				E249714F2B28E5BF000AD4F8 /* CustomDesign.swift in Sources */,
				E2F81B032B23592600E181B7 /* HomeViewController.swift in Sources */,
				E26539DE2BB347A000D70C28 /* ThirteenthView.swift in Sources */,
				E23773AF2BA2647100171780 /* VacationAccumulatedViewController.swift in Sources */,
				E254BF702BA0B7570017F6C4 /* RescissionView.swift in Sources */,
				E2BE94582B275232003FE825 /* String+Extension.swift in Sources */,
				E2A5ABBB2BB4541000E8E193 /* ThirteenthResultViewModel.swift in Sources */,
				E2C9384E2B9180AF008A5E83 /* Double+Extension.swift in Sources */,
				E23773AC2BA259BA00171780 /* NoticePeriodTableViewCell.swift in Sources */,
				E2F81AFF2B23592600E181B7 /* AppDelegate.swift in Sources */,
				E2195B2A2B6BDEC800F029C0 /* VacationView.swift in Sources */,
				E23773B12BA2647700171780 /* VacationAccumulatedView.swift in Sources */,
				E23773AA2BA2594C00171780 /* NoticePeriodViewModel.swift in Sources */,
				E2005A6C2BA98A400084FC24 /* RescissionResultViewModel.swift in Sources */,
				E2AAE4EE2B279061008A5543 /* HomeCollectionViewCell.swift in Sources */,
				E2945DB52B29E20900A1C582 /* AdditionalView.swift in Sources */,
			);
			runOnlyForDeploymentPostprocessing = 0;
		};
/* End PBXSourcesBuildPhase section */

/* Begin PBXTargetDependency section */
		E2B425952B691B6600306713 /* PBXTargetDependency */ = {
			isa = PBXTargetDependency;
			target = E2F81AFA2B23592600E181B7 /* CalculadorasTrabalhistas */;
			targetProxy = E2B425942B691B6600306713 /* PBXContainerItemProxy */;
		};
/* End PBXTargetDependency section */

/* Begin PBXVariantGroup section */
		E2F81B092B23592700E181B7 /* LaunchScreen.storyboard */ = {
			isa = PBXVariantGroup;
			children = (
				E2F81B0A2B23592700E181B7 /* Base */,
			);
			name = LaunchScreen.storyboard;
			sourceTree = "<group>";
		};
/* End PBXVariantGroup section */

/* Begin XCBuildConfiguration section */
		E2B425972B691B6600306713 /* Debug */ = {
			isa = XCBuildConfiguration;
			buildSettings = {
				BUNDLE_LOADER = "$(TEST_HOST)";
				CODE_SIGN_STYLE = Automatic;
				CURRENT_PROJECT_VERSION = 1;
				DEVELOPMENT_TEAM = 7VCG3Q5X7H;
				GENERATE_INFOPLIST_FILE = YES;
				MARKETING_VERSION = 1.0;
				PRODUCT_BUNDLE_IDENTIFIER = jadie.CalculadorasTrabalhistasTests;
				PRODUCT_NAME = "$(TARGET_NAME)";
				SWIFT_EMIT_LOC_STRINGS = NO;
				SWIFT_VERSION = 5.0;
				TARGETED_DEVICE_FAMILY = "1,2";
				TEST_HOST = "$(BUILT_PRODUCTS_DIR)/CalculadorasTrabalhistas.app/$(BUNDLE_EXECUTABLE_FOLDER_PATH)/CalculadorasTrabalhistas";
			};
			name = Debug;
		};
		E2B425982B691B6600306713 /* Release */ = {
			isa = XCBuildConfiguration;
			buildSettings = {
				BUNDLE_LOADER = "$(TEST_HOST)";
				CODE_SIGN_STYLE = Automatic;
				CURRENT_PROJECT_VERSION = 1;
				DEVELOPMENT_TEAM = 7VCG3Q5X7H;
				GENERATE_INFOPLIST_FILE = YES;
				MARKETING_VERSION = 1.0;
				PRODUCT_BUNDLE_IDENTIFIER = jadie.CalculadorasTrabalhistasTests;
				PRODUCT_NAME = "$(TARGET_NAME)";
				SWIFT_EMIT_LOC_STRINGS = NO;
				SWIFT_VERSION = 5.0;
				TARGETED_DEVICE_FAMILY = "1,2";
				TEST_HOST = "$(BUILT_PRODUCTS_DIR)/CalculadorasTrabalhistas.app/$(BUNDLE_EXECUTABLE_FOLDER_PATH)/CalculadorasTrabalhistas";
			};
			name = Release;
		};
		E2F81B0D2B23592700E181B7 /* Debug */ = {
			isa = XCBuildConfiguration;
			buildSettings = {
				ALWAYS_SEARCH_USER_PATHS = NO;
				ASSETCATALOG_COMPILER_GENERATE_SWIFT_ASSET_SYMBOL_EXTENSIONS = YES;
				CLANG_ANALYZER_NONNULL = YES;
				CLANG_ANALYZER_NUMBER_OBJECT_CONVERSION = YES_AGGRESSIVE;
				CLANG_CXX_LANGUAGE_STANDARD = "gnu++20";
				CLANG_ENABLE_MODULES = YES;
				CLANG_ENABLE_OBJC_ARC = YES;
				CLANG_ENABLE_OBJC_WEAK = YES;
				CLANG_WARN_BLOCK_CAPTURE_AUTORELEASING = YES;
				CLANG_WARN_BOOL_CONVERSION = YES;
				CLANG_WARN_COMMA = YES;
				CLANG_WARN_CONSTANT_CONVERSION = YES;
				CLANG_WARN_DEPRECATED_OBJC_IMPLEMENTATIONS = YES;
				CLANG_WARN_DIRECT_OBJC_ISA_USAGE = YES_ERROR;
				CLANG_WARN_DOCUMENTATION_COMMENTS = YES;
				CLANG_WARN_EMPTY_BODY = YES;
				CLANG_WARN_ENUM_CONVERSION = YES;
				CLANG_WARN_INFINITE_RECURSION = YES;
				CLANG_WARN_INT_CONVERSION = YES;
				CLANG_WARN_NON_LITERAL_NULL_CONVERSION = YES;
				CLANG_WARN_OBJC_IMPLICIT_RETAIN_SELF = YES;
				CLANG_WARN_OBJC_LITERAL_CONVERSION = YES;
				CLANG_WARN_OBJC_ROOT_CLASS = YES_ERROR;
				CLANG_WARN_QUOTED_INCLUDE_IN_FRAMEWORK_HEADER = YES;
				CLANG_WARN_RANGE_LOOP_ANALYSIS = YES;
				CLANG_WARN_STRICT_PROTOTYPES = YES;
				CLANG_WARN_SUSPICIOUS_MOVE = YES;
				CLANG_WARN_UNGUARDED_AVAILABILITY = YES_AGGRESSIVE;
				CLANG_WARN_UNREACHABLE_CODE = YES;
				CLANG_WARN__DUPLICATE_METHOD_MATCH = YES;
				COPY_PHASE_STRIP = NO;
				DEBUG_INFORMATION_FORMAT = dwarf;
				ENABLE_STRICT_OBJC_MSGSEND = YES;
				ENABLE_TESTABILITY = YES;
				ENABLE_USER_SCRIPT_SANDBOXING = YES;
				GCC_C_LANGUAGE_STANDARD = gnu17;
				GCC_DYNAMIC_NO_PIC = NO;
				GCC_NO_COMMON_BLOCKS = YES;
				GCC_OPTIMIZATION_LEVEL = 0;
				GCC_PREPROCESSOR_DEFINITIONS = (
					"DEBUG=1",
					"$(inherited)",
				);
				GCC_WARN_64_TO_32_BIT_CONVERSION = YES;
				GCC_WARN_ABOUT_RETURN_TYPE = YES_ERROR;
				GCC_WARN_UNDECLARED_SELECTOR = YES;
				GCC_WARN_UNINITIALIZED_AUTOS = YES_AGGRESSIVE;
				GCC_WARN_UNUSED_FUNCTION = YES;
				GCC_WARN_UNUSED_VARIABLE = YES;
				IPHONEOS_DEPLOYMENT_TARGET = 17.0;
				LOCALIZATION_PREFERS_STRING_CATALOGS = YES;
				MTL_ENABLE_DEBUG_INFO = INCLUDE_SOURCE;
				MTL_FAST_MATH = YES;
				ONLY_ACTIVE_ARCH = YES;
				SDKROOT = iphoneos;
				SWIFT_ACTIVE_COMPILATION_CONDITIONS = "DEBUG $(inherited)";
				SWIFT_OPTIMIZATION_LEVEL = "-Onone";
			};
			name = Debug;
		};
		E2F81B0E2B23592700E181B7 /* Release */ = {
			isa = XCBuildConfiguration;
			buildSettings = {
				ALWAYS_SEARCH_USER_PATHS = NO;
				ASSETCATALOG_COMPILER_GENERATE_SWIFT_ASSET_SYMBOL_EXTENSIONS = YES;
				CLANG_ANALYZER_NONNULL = YES;
				CLANG_ANALYZER_NUMBER_OBJECT_CONVERSION = YES_AGGRESSIVE;
				CLANG_CXX_LANGUAGE_STANDARD = "gnu++20";
				CLANG_ENABLE_MODULES = YES;
				CLANG_ENABLE_OBJC_ARC = YES;
				CLANG_ENABLE_OBJC_WEAK = YES;
				CLANG_WARN_BLOCK_CAPTURE_AUTORELEASING = YES;
				CLANG_WARN_BOOL_CONVERSION = YES;
				CLANG_WARN_COMMA = YES;
				CLANG_WARN_CONSTANT_CONVERSION = YES;
				CLANG_WARN_DEPRECATED_OBJC_IMPLEMENTATIONS = YES;
				CLANG_WARN_DIRECT_OBJC_ISA_USAGE = YES_ERROR;
				CLANG_WARN_DOCUMENTATION_COMMENTS = YES;
				CLANG_WARN_EMPTY_BODY = YES;
				CLANG_WARN_ENUM_CONVERSION = YES;
				CLANG_WARN_INFINITE_RECURSION = YES;
				CLANG_WARN_INT_CONVERSION = YES;
				CLANG_WARN_NON_LITERAL_NULL_CONVERSION = YES;
				CLANG_WARN_OBJC_IMPLICIT_RETAIN_SELF = YES;
				CLANG_WARN_OBJC_LITERAL_CONVERSION = YES;
				CLANG_WARN_OBJC_ROOT_CLASS = YES_ERROR;
				CLANG_WARN_QUOTED_INCLUDE_IN_FRAMEWORK_HEADER = YES;
				CLANG_WARN_RANGE_LOOP_ANALYSIS = YES;
				CLANG_WARN_STRICT_PROTOTYPES = YES;
				CLANG_WARN_SUSPICIOUS_MOVE = YES;
				CLANG_WARN_UNGUARDED_AVAILABILITY = YES_AGGRESSIVE;
				CLANG_WARN_UNREACHABLE_CODE = YES;
				CLANG_WARN__DUPLICATE_METHOD_MATCH = YES;
				COPY_PHASE_STRIP = NO;
				DEBUG_INFORMATION_FORMAT = "dwarf-with-dsym";
				ENABLE_NS_ASSERTIONS = NO;
				ENABLE_STRICT_OBJC_MSGSEND = YES;
				ENABLE_USER_SCRIPT_SANDBOXING = YES;
				GCC_C_LANGUAGE_STANDARD = gnu17;
				GCC_NO_COMMON_BLOCKS = YES;
				GCC_WARN_64_TO_32_BIT_CONVERSION = YES;
				GCC_WARN_ABOUT_RETURN_TYPE = YES_ERROR;
				GCC_WARN_UNDECLARED_SELECTOR = YES;
				GCC_WARN_UNINITIALIZED_AUTOS = YES_AGGRESSIVE;
				GCC_WARN_UNUSED_FUNCTION = YES;
				GCC_WARN_UNUSED_VARIABLE = YES;
				IPHONEOS_DEPLOYMENT_TARGET = 17.0;
				LOCALIZATION_PREFERS_STRING_CATALOGS = YES;
				MTL_ENABLE_DEBUG_INFO = NO;
				MTL_FAST_MATH = YES;
				SDKROOT = iphoneos;
				SWIFT_COMPILATION_MODE = wholemodule;
				VALIDATE_PRODUCT = YES;
			};
			name = Release;
		};
		E2F81B102B23592700E181B7 /* Debug */ = {
			isa = XCBuildConfiguration;
			buildSettings = {
				ASSETCATALOG_COMPILER_APPICON_NAME = AppIcon;
				ASSETCATALOG_COMPILER_GLOBAL_ACCENT_COLOR_NAME = AccentColor;
				CODE_SIGN_STYLE = Automatic;
				CURRENT_PROJECT_VERSION = 1;
				DEVELOPMENT_TEAM = 7VCG3Q5X7H;
				GENERATE_INFOPLIST_FILE = YES;
				INFOPLIST_FILE = CalculadorasTrabalhistas/Info.plist;
				INFOPLIST_KEY_UIApplicationSupportsIndirectInputEvents = YES;
				INFOPLIST_KEY_UILaunchStoryboardName = LaunchScreen;
				INFOPLIST_KEY_UIMainStoryboardFile = "";
				INFOPLIST_KEY_UISupportedInterfaceOrientations_iPad = "UIInterfaceOrientationPortrait UIInterfaceOrientationPortraitUpsideDown UIInterfaceOrientationLandscapeLeft UIInterfaceOrientationLandscapeRight";
				INFOPLIST_KEY_UISupportedInterfaceOrientations_iPhone = "UIInterfaceOrientationPortrait UIInterfaceOrientationLandscapeLeft UIInterfaceOrientationLandscapeRight";
				IPHONEOS_DEPLOYMENT_TARGET = 16.4;
				LD_RUNPATH_SEARCH_PATHS = (
					"$(inherited)",
					"@executable_path/Frameworks",
				);
				MARKETING_VERSION = 1.0;
				PRODUCT_BUNDLE_IDENTIFIER = jadie.CalculadorasTrabalhistas;
				PRODUCT_NAME = "$(TARGET_NAME)";
				SUPPORTED_PLATFORMS = "iphoneos iphonesimulator";
				SUPPORTS_MACCATALYST = NO;
				SUPPORTS_MAC_DESIGNED_FOR_IPHONE_IPAD = NO;
				SWIFT_EMIT_LOC_STRINGS = YES;
				SWIFT_VERSION = 5.0;
				TARGETED_DEVICE_FAMILY = 1;
			};
			name = Debug;
		};
		E2F81B112B23592700E181B7 /* Release */ = {
			isa = XCBuildConfiguration;
			buildSettings = {
				ASSETCATALOG_COMPILER_APPICON_NAME = AppIcon;
				ASSETCATALOG_COMPILER_GLOBAL_ACCENT_COLOR_NAME = AccentColor;
				CODE_SIGN_STYLE = Automatic;
				CURRENT_PROJECT_VERSION = 1;
				DEVELOPMENT_TEAM = 7VCG3Q5X7H;
				GENERATE_INFOPLIST_FILE = YES;
				INFOPLIST_FILE = CalculadorasTrabalhistas/Info.plist;
				INFOPLIST_KEY_UIApplicationSupportsIndirectInputEvents = YES;
				INFOPLIST_KEY_UILaunchStoryboardName = LaunchScreen;
				INFOPLIST_KEY_UIMainStoryboardFile = "";
				INFOPLIST_KEY_UISupportedInterfaceOrientations_iPad = "UIInterfaceOrientationPortrait UIInterfaceOrientationPortraitUpsideDown UIInterfaceOrientationLandscapeLeft UIInterfaceOrientationLandscapeRight";
				INFOPLIST_KEY_UISupportedInterfaceOrientations_iPhone = "UIInterfaceOrientationPortrait UIInterfaceOrientationLandscapeLeft UIInterfaceOrientationLandscapeRight";
				IPHONEOS_DEPLOYMENT_TARGET = 16.4;
				LD_RUNPATH_SEARCH_PATHS = (
					"$(inherited)",
					"@executable_path/Frameworks",
				);
				MARKETING_VERSION = 1.0;
				PRODUCT_BUNDLE_IDENTIFIER = jadie.CalculadorasTrabalhistas;
				PRODUCT_NAME = "$(TARGET_NAME)";
				SUPPORTED_PLATFORMS = "iphoneos iphonesimulator";
				SUPPORTS_MACCATALYST = NO;
				SUPPORTS_MAC_DESIGNED_FOR_IPHONE_IPAD = NO;
				SWIFT_EMIT_LOC_STRINGS = YES;
				SWIFT_VERSION = 5.0;
				TARGETED_DEVICE_FAMILY = 1;
			};
			name = Release;
		};
/* End XCBuildConfiguration section */

/* Begin XCConfigurationList section */
		E2B425962B691B6600306713 /* Build configuration list for PBXNativeTarget "CalculadorasTrabalhistasTests" */ = {
			isa = XCConfigurationList;
			buildConfigurations = (
				E2B425972B691B6600306713 /* Debug */,
				E2B425982B691B6600306713 /* Release */,
			);
			defaultConfigurationIsVisible = 0;
			defaultConfigurationName = Release;
		};
		E2F81AF62B23592600E181B7 /* Build configuration list for PBXProject "CalculadorasTrabalhistas" */ = {
			isa = XCConfigurationList;
			buildConfigurations = (
				E2F81B0D2B23592700E181B7 /* Debug */,
				E2F81B0E2B23592700E181B7 /* Release */,
			);
			defaultConfigurationIsVisible = 0;
			defaultConfigurationName = Release;
		};
		E2F81B0F2B23592700E181B7 /* Build configuration list for PBXNativeTarget "CalculadorasTrabalhistas" */ = {
			isa = XCConfigurationList;
			buildConfigurations = (
				E2F81B102B23592700E181B7 /* Debug */,
				E2F81B112B23592700E181B7 /* Release */,
			);
			defaultConfigurationIsVisible = 0;
			defaultConfigurationName = Release;
		};
/* End XCConfigurationList section */
	};
	rootObject = E2F81AF32B23592600E181B7 /* Project object */;
}
